
Microsoft Visual Studio Solution File, Format Version 12.00
# RemObjects Fire
Project("{656346D9-4656-40DA-A068-22D5425D4639}") = "libToffee (Shared)", "libToffee-Shared.elements", "{30DEB81A-AFE1-4431-A80C-9C3380070FFD}"
EndProject
Project("{656346D9-4656-40DA-A068-22D5425D4639}") = "libToffee (iOS)", "libToffee-iOS.elements", "{477EC1B1-0AA5-47D6-A4C3-EF8D5081190E}"
EndProject
Project("{656346D9-4656-40DA-A068-22D5425D4639}") = "libToffee (macOS)", "libToffee-macOS.elements", "{104F50C3-3A92-4D03-919D-0DE94ACC0DBD}"
EndProject
Project("{656346D9-4656-40DA-A068-22D5425D4639}") = "libToffee (tvOS)", "libToffee-tvOS.elements", "{9F1ACE20-C2CA-42A3-8CA5-C67C0B75088C}"
EndProject
Project("{656346D9-4656-40DA-A068-22D5425D4639}") = "libToffee (watchOS)", "libToffee-watchOS.elements", "{AB0D5693-F617-4EBB-821E-ED5F46CE6FF0}"
EndProject
Global
	GlobalSection(SolutionConfigurationPlatforms) = preSolution
		Debug|AnyCPU = Debug|AnyCPU
		Release|AnyCPU = Release|AnyCPU
	EndGlobalSection
	GlobalSection(ProjectConfigurationPlatforms) = postSolution
		{477EC1B1-0AA5-47D6-A4C3-EF8D5081190E}.Debug|AnyCPU.ActiveCfg = Debug|AnyCPU
		{477EC1B1-0AA5-47D6-A4C3-EF8D5081190E}.Debug|AnyCPU.Build.0 = Debug|AnyCPU
		{477EC1B1-0AA5-47D6-A4C3-EF8D5081190E}.Release|AnyCPU.ActiveCfg = Release|AnyCPU
		{477EC1B1-0AA5-47D6-A4C3-EF8D5081190E}.Release|AnyCPU.Build.0 = Release|AnyCPU
		{104F50C3-3A92-4D03-919D-0DE94ACC0DBD}.Debug|AnyCPU.ActiveCfg = Debug|AnyCPU
		{104F50C3-3A92-4D03-919D-0DE94ACC0DBD}.Debug|AnyCPU.Build.0 = Debug|AnyCPU
		{104F50C3-3A92-4D03-919D-0DE94ACC0DBD}.Release|AnyCPU.ActiveCfg = Release|AnyCPU
		{104F50C3-3A92-4D03-919D-0DE94ACC0DBD}.Release|AnyCPU.Build.0 = Release|AnyCPU
		{9F1ACE20-C2CA-42A3-8CA5-C67C0B75088C}.Debug|AnyCPU.ActiveCfg = Debug|AnyCPU
		{9F1ACE20-C2CA-42A3-8CA5-C67C0B75088C}.Debug|AnyCPU.Build.0 = Debug|AnyCPU
		{9F1ACE20-C2CA-42A3-8CA5-C67C0B75088C}.Release|AnyCPU.ActiveCfg = Release|AnyCPU
		{9F1ACE20-C2CA-42A3-8CA5-C67C0B75088C}.Release|AnyCPU.Build.0 = Release|AnyCPU
		{AB0D5693-F617-4EBB-821E-ED5F46CE6FF0}.Debug|AnyCPU.ActiveCfg = Debug|AnyCPU
		{AB0D5693-F617-4EBB-821E-ED5F46CE6FF0}.Debug|AnyCPU.Build.0 = Debug|AnyCPU
		{AB0D5693-F617-4EBB-821E-ED5F46CE6FF0}.Release|AnyCPU.ActiveCfg = Release|AnyCPU
		{AB0D5693-F617-4EBB-821E-ED5F46CE6FF0}.Release|AnyCPU.Build.0 = Release|AnyCPU
	EndGlobalSection
	GlobalSection(SolutionProperties) = preSolution
		HideSolutionNode = FALSE
	EndGlobalSection
EndGlobal